// !$*UTF8*$!
{
	archiveVersion = 1;
	classes = {
	};
	objectVersion = 46;
	objects = {

/* Begin PBXBuildFile section */
		12114C0128EED0A6E96C63A5 /* Pods_FoodOnRoute.framework in Frameworks */ = {isa = PBXBuildFile; fileRef = 9576B773B954D9CC61B357E4 /* Pods_FoodOnRoute.framework */; };
		A84730CA1C19E63900B60522 /* MapViewExtention.swift in Sources */ = {isa = PBXBuildFile; fileRef = A84730C91C19E63900B60522 /* MapViewExtention.swift */; };
		A84B847B1C208C010084E551 /* ResultsTableViewCell.swift in Sources */ = {isa = PBXBuildFile; fileRef = A84B847A1C208C010084E551 /* ResultsTableViewCell.swift */; };
		A85C09B31C16194E00B05A96 /* CoreLocation.framework in Frameworks */ = {isa = PBXBuildFile; fileRef = A837CCB81BA6B4C8007B811F /* CoreLocation.framework */; };
		A85C09B41C16195800B05A96 /* MapKit.framework in Frameworks */ = {isa = PBXBuildFile; fileRef = A837CCBA1BA6B4CE007B811F /* MapKit.framework */; };
		A889B30E1BA186DB0030AFB9 /* FoodOnRouteTests.swift in Sources */ = {isa = PBXBuildFile; fileRef = A889B30D1BA186DB0030AFB9 /* FoodOnRouteTests.swift */; };
		A895FFE11C16E11C00F6FB46 /* ResultsTableView.swift in Sources */ = {isa = PBXBuildFile; fileRef = A895FFE01C16E11C00F6FB46 /* ResultsTableView.swift */; };
		A8AAFF811C1874AC00A87A8D /* MapView.swift in Sources */ = {isa = PBXBuildFile; fileRef = A8AAFF801C1874AC00A87A8D /* MapView.swift */; };
		A8AAFF831C18797000A87A8D /* ResultsSearchBar.swift in Sources */ = {isa = PBXBuildFile; fileRef = A8AAFF821C18797000A87A8D /* ResultsSearchBar.swift */; };
		A8FE8B641C161D0700E0160C /* AppDelegate.swift in Sources */ = {isa = PBXBuildFile; fileRef = A8FE8B631C161D0700E0160C /* AppDelegate.swift */; };
		A8FE8B661C161D1700E0160C /* Backend.swift in Sources */ = {isa = PBXBuildFile; fileRef = A8FE8B651C161D1700E0160C /* Backend.swift */; };
		A8FE8B6B1C161D2300E0160C /* Colors.swift in Sources */ = {isa = PBXBuildFile; fileRef = A8FE8B671C161D2300E0160C /* Colors.swift */; };
		A8FE8B6C1C161D2300E0160C /* Database.swift in Sources */ = {isa = PBXBuildFile; fileRef = A8FE8B681C161D2300E0160C /* Database.swift */; };
		A8FE8B6D1C161D2300E0160C /* Helper.swift in Sources */ = {isa = PBXBuildFile; fileRef = A8FE8B691C161D2300E0160C /* Helper.swift */; };
		A8FE8B6E1C161D2300E0160C /* LocationController.swift in Sources */ = {isa = PBXBuildFile; fileRef = A8FE8B6A1C161D2300E0160C /* LocationController.swift */; };
		A8FE8B751C161D3400E0160C /* DebugViewController.swift in Sources */ = {isa = PBXBuildFile; fileRef = A8FE8B731C161D3400E0160C /* DebugViewController.swift */; };
		A8FE8B761C161D3400E0160C /* MapViewController.swift in Sources */ = {isa = PBXBuildFile; fileRef = A8FE8B741C161D3400E0160C /* MapViewController.swift */; };
		A8FE8B7B1C161D5000E0160C /* PT_Sans-Bold.ttf in Resources */ = {isa = PBXBuildFile; fileRef = A8FE8B771C161D5000E0160C /* PT_Sans-Bold.ttf */; };
		A8FE8B7E1C161D5000E0160C /* PT_Sans-Regular.ttf in Resources */ = {isa = PBXBuildFile; fileRef = A8FE8B7A1C161D5000E0160C /* PT_Sans-Regular.ttf */; };
		F8587ABC1C1717A100C53630 /* CalloutAnnotationView.swift in Sources */ = {isa = PBXBuildFile; fileRef = F8587ABB1C1717A100C53630 /* CalloutAnnotationView.swift */; };
		F8587ABE1C17184300C53630 /* BubbleView.swift in Sources */ = {isa = PBXBuildFile; fileRef = F8587ABD1C17184300C53630 /* BubbleView.swift */; };
		F8587AC01C183F6800C53630 /* CalloutAnnotation.swift in Sources */ = {isa = PBXBuildFile; fileRef = F8587ABF1C183F6800C53630 /* CalloutAnnotation.swift */; };
		F8587AC21C183FC600C53630 /* CustomAnnotation.swift in Sources */ = {isa = PBXBuildFile; fileRef = F8587AC11C183FC600C53630 /* CustomAnnotation.swift */; };
		F8587AC61C199CF000C53630 /* Montserrat-Regular.ttf in Resources */ = {isa = PBXBuildFile; fileRef = F8587AC51C199CF000C53630 /* Montserrat-Regular.ttf */; };
		F8587AC81C199D1200C53630 /* Montserrat-Bold.ttf in Resources */ = {isa = PBXBuildFile; fileRef = F8587AC71C199D1200C53630 /* Montserrat-Bold.ttf */; };
		F8C0F6A21C0DEBCE007EBF2F /* Images.xcassets in Resources */ = {isa = PBXBuildFile; fileRef = F8C0F6A11C0DEBCE007EBF2F /* Images.xcassets */; };
/* End PBXBuildFile section */

/* Begin PBXContainerItemProxy section */
		A889B3081BA186DB0030AFB9 /* PBXContainerItemProxy */ = {
			isa = PBXContainerItemProxy;
			containerPortal = A889B2EA1BA186DB0030AFB9 /* Project object */;
			proxyType = 1;
			remoteGlobalIDString = A889B2F11BA186DB0030AFB9;
			remoteInfo = FoodOnRoute;
		};
/* End PBXContainerItemProxy section */

/* Begin PBXFileReference section */
		094176F64C5182F89F67257F /* Pods_FoodOnRoute.framework */ = {isa = PBXFileReference; explicitFileType = wrapper.framework; includeInIndex = 0; path = Pods_FoodOnRoute.framework; sourceTree = BUILT_PRODUCTS_DIR; };
		5EE031A0DB1F546DA03FE653 /* Pods-FoodOnRoute.release.xcconfig */ = {isa = PBXFileReference; includeInIndex = 1; lastKnownFileType = text.xcconfig; name = "Pods-FoodOnRoute.release.xcconfig"; path = "Pods/Target Support Files/Pods-FoodOnRoute/Pods-FoodOnRoute.release.xcconfig"; sourceTree = "<group>"; };
		9576B773B954D9CC61B357E4 /* Pods_FoodOnRoute.framework */ = {isa = PBXFileReference; explicitFileType = wrapper.framework; includeInIndex = 0; path = Pods_FoodOnRoute.framework; sourceTree = BUILT_PRODUCTS_DIR; };
		A837CCB81BA6B4C8007B811F /* CoreLocation.framework */ = {isa = PBXFileReference; lastKnownFileType = wrapper.framework; name = CoreLocation.framework; path = System/Library/Frameworks/CoreLocation.framework; sourceTree = SDKROOT; };
		A837CCBA1BA6B4CE007B811F /* MapKit.framework */ = {isa = PBXFileReference; lastKnownFileType = wrapper.framework; name = MapKit.framework; path = System/Library/Frameworks/MapKit.framework; sourceTree = SDKROOT; };
		A84730C91C19E63900B60522 /* MapViewExtention.swift */ = {isa = PBXFileReference; fileEncoding = 4; lastKnownFileType = sourcecode.swift; name = MapViewExtention.swift; path = Models/MapViewExtention.swift; sourceTree = "<group>"; };
		A84B847A1C208C010084E551 /* ResultsTableViewCell.swift */ = {isa = PBXFileReference; fileEncoding = 4; lastKnownFileType = sourcecode.swift; name = ResultsTableViewCell.swift; path = UserInterface/ResultsTableViewCell.swift; sourceTree = "<group>"; };
		A889B2F21BA186DB0030AFB9 /* FoodOnRoute.app */ = {isa = PBXFileReference; explicitFileType = wrapper.application; includeInIndex = 0; path = FoodOnRoute.app; sourceTree = BUILT_PRODUCTS_DIR; };
		A889B2F61BA186DB0030AFB9 /* Info.plist */ = {isa = PBXFileReference; lastKnownFileType = text.plist.xml; path = Info.plist; sourceTree = "<group>"; };
		A889B3071BA186DB0030AFB9 /* FoodOnRoute.xctest */ = {isa = PBXFileReference; explicitFileType = wrapper.cfbundle; includeInIndex = 0; path = FoodOnRoute.xctest; sourceTree = BUILT_PRODUCTS_DIR; };
		A889B30C1BA186DB0030AFB9 /* Info.plist */ = {isa = PBXFileReference; lastKnownFileType = text.plist.xml; path = Info.plist; sourceTree = "<group>"; };
		A889B30D1BA186DB0030AFB9 /* FoodOnRouteTests.swift */ = {isa = PBXFileReference; lastKnownFileType = sourcecode.swift; path = FoodOnRouteTests.swift; sourceTree = "<group>"; };
		A895FFE01C16E11C00F6FB46 /* ResultsTableView.swift */ = {isa = PBXFileReference; fileEncoding = 4; lastKnownFileType = sourcecode.swift; path = ResultsTableView.swift; sourceTree = "<group>"; };
		A8AAFF801C1874AC00A87A8D /* MapView.swift */ = {isa = PBXFileReference; fileEncoding = 4; lastKnownFileType = sourcecode.swift; name = MapView.swift; path = UserInterface/MapView.swift; sourceTree = "<group>"; };
		A8AAFF821C18797000A87A8D /* ResultsSearchBar.swift */ = {isa = PBXFileReference; fileEncoding = 4; lastKnownFileType = sourcecode.swift; name = ResultsSearchBar.swift; path = UserInterface/ResultsSearchBar.swift; sourceTree = "<group>"; };
		A8FE8B631C161D0700E0160C /* AppDelegate.swift */ = {isa = PBXFileReference; fileEncoding = 4; lastKnownFileType = sourcecode.swift; path = AppDelegate.swift; sourceTree = "<group>"; };
		A8FE8B651C161D1700E0160C /* Backend.swift */ = {isa = PBXFileReference; fileEncoding = 4; lastKnownFileType = sourcecode.swift; name = Backend.swift; path = API/Backend.swift; sourceTree = "<group>"; };
		A8FE8B671C161D2300E0160C /* Colors.swift */ = {isa = PBXFileReference; fileEncoding = 4; lastKnownFileType = sourcecode.swift; name = Colors.swift; path = Models/Colors.swift; sourceTree = "<group>"; };
		A8FE8B681C161D2300E0160C /* Database.swift */ = {isa = PBXFileReference; fileEncoding = 4; lastKnownFileType = sourcecode.swift; name = Database.swift; path = Models/Database.swift; sourceTree = "<group>"; };
		A8FE8B691C161D2300E0160C /* Helper.swift */ = {isa = PBXFileReference; fileEncoding = 4; lastKnownFileType = sourcecode.swift; name = Helper.swift; path = Models/Helper.swift; sourceTree = "<group>"; };
		A8FE8B6A1C161D2300E0160C /* LocationController.swift */ = {isa = PBXFileReference; fileEncoding = 4; lastKnownFileType = sourcecode.swift; name = LocationController.swift; path = Models/LocationController.swift; sourceTree = "<group>"; };
		A8FE8B731C161D3400E0160C /* DebugViewController.swift */ = {isa = PBXFileReference; fileEncoding = 4; lastKnownFileType = sourcecode.swift; name = DebugViewController.swift; path = UserInterface/DebugViewController.swift; sourceTree = "<group>"; };
		A8FE8B741C161D3400E0160C /* MapViewController.swift */ = {isa = PBXFileReference; fileEncoding = 4; lastKnownFileType = sourcecode.swift; name = MapViewController.swift; path = UserInterface/MapViewController.swift; sourceTree = "<group>"; };
		A8FE8B771C161D5000E0160C /* PT_Sans-Bold.ttf */ = {isa = PBXFileReference; lastKnownFileType = file; name = "PT_Sans-Bold.ttf"; path = "Resources/Fonts/PT_Sans-Bold.ttf"; sourceTree = "<group>"; };
		A8FE8B7A1C161D5000E0160C /* PT_Sans-Regular.ttf */ = {isa = PBXFileReference; lastKnownFileType = file; name = "PT_Sans-Regular.ttf"; path = "Resources/Fonts/PT_Sans-Regular.ttf"; sourceTree = "<group>"; };
		D36289EAEF10F97A0D9ED599 /* Pods-FoodOnRoute.debug.xcconfig */ = {isa = PBXFileReference; includeInIndex = 1; lastKnownFileType = text.xcconfig; name = "Pods-FoodOnRoute.debug.xcconfig"; path = "Pods/Target Support Files/Pods-FoodOnRoute/Pods-FoodOnRoute.debug.xcconfig"; sourceTree = "<group>"; };
		F8587ABB1C1717A100C53630 /* CalloutAnnotationView.swift */ = {isa = PBXFileReference; fileEncoding = 4; lastKnownFileType = sourcecode.swift; name = CalloutAnnotationView.swift; path = UserInterface/Annotations/CalloutAnnotationView.swift; sourceTree = "<group>"; };
		F8587ABD1C17184300C53630 /* BubbleView.swift */ = {isa = PBXFileReference; fileEncoding = 4; lastKnownFileType = sourcecode.swift; name = BubbleView.swift; path = UserInterface/Annotations/BubbleView.swift; sourceTree = "<group>"; };
		F8587ABF1C183F6800C53630 /* CalloutAnnotation.swift */ = {isa = PBXFileReference; fileEncoding = 4; lastKnownFileType = sourcecode.swift; name = CalloutAnnotation.swift; path = UserInterface/Annotations/CalloutAnnotation.swift; sourceTree = "<group>"; };
		F8587AC11C183FC600C53630 /* CustomAnnotation.swift */ = {isa = PBXFileReference; fileEncoding = 4; lastKnownFileType = sourcecode.swift; name = CustomAnnotation.swift; path = UserInterface/Annotations/CustomAnnotation.swift; sourceTree = "<group>"; };
		F8587AC51C199CF000C53630 /* Montserrat-Regular.ttf */ = {isa = PBXFileReference; lastKnownFileType = file; name = "Montserrat-Regular.ttf"; path = "Resources/Fonts/Montserrat-Regular.ttf"; sourceTree = "<group>"; };
		F8587AC71C199D1200C53630 /* Montserrat-Bold.ttf */ = {isa = PBXFileReference; lastKnownFileType = file; name = "Montserrat-Bold.ttf"; path = "Resources/Fonts/Montserrat-Bold.ttf"; sourceTree = "<group>"; };
		F8C0F6A11C0DEBCE007EBF2F /* Images.xcassets */ = {isa = PBXFileReference; lastKnownFileType = folder.assetcatalog; path = Images.xcassets; sourceTree = "<group>"; };
/* End PBXFileReference section */

/* Begin PBXFrameworksBuildPhase section */
		A889B2EF1BA186DB0030AFB9 /* Frameworks */ = {
			isa = PBXFrameworksBuildPhase;
			buildActionMask = 2147483647;
			files = (
				A85C09B41C16195800B05A96 /* MapKit.framework in Frameworks */,
				A85C09B31C16194E00B05A96 /* CoreLocation.framework in Frameworks */,
				12114C0128EED0A6E96C63A5 /* Pods_FoodOnRoute.framework in Frameworks */,
			);
			runOnlyForDeploymentPostprocessing = 0;
		};
		A889B3041BA186DB0030AFB9 /* Frameworks */ = {
			isa = PBXFrameworksBuildPhase;
			buildActionMask = 2147483647;
			files = (
			);
			runOnlyForDeploymentPostprocessing = 0;
		};
/* End PBXFrameworksBuildPhase section */

/* Begin PBXGroup section */
		A8345F971C15C6DC00A97D9B /* Resources */ = {
			isa = PBXGroup;
			children = (
				A8345F981C15C6F500A97D9B /* Fonts */,
			);
			name = Resources;
			sourceTree = "<group>";
		};
		A8345F981C15C6F500A97D9B /* Fonts */ = {
			isa = PBXGroup;
			children = (
				A8FE8B771C161D5000E0160C /* PT_Sans-Bold.ttf */,
				A8FE8B7A1C161D5000E0160C /* PT_Sans-Regular.ttf */,
				F8587AC51C199CF000C53630 /* Montserrat-Regular.ttf */,
				F8587AC71C199D1200C53630 /* Montserrat-Bold.ttf */,
			);
			name = Fonts;
			sourceTree = "<group>";
		};
		A88248511C16101D00AD1F4A /* Frameworks */ = {
			isa = PBXGroup;
			children = (
				A837CCBA1BA6B4CE007B811F /* MapKit.framework */,
				A837CCB81BA6B4C8007B811F /* CoreLocation.framework */,
			);
			name = Frameworks;
			sourceTree = "<group>";
		};
		A88248521C1611F400AD1F4A /* API */ = {
			isa = PBXGroup;
			children = (
				A8FE8B651C161D1700E0160C /* Backend.swift */,
			);
			name = API;
			sourceTree = "<group>";
		};
		A88248531C16121000AD1F4A /* Models */ = {
			isa = PBXGroup;
			children = (
				A8FE8B671C161D2300E0160C /* Colors.swift */,
				A8FE8B681C161D2300E0160C /* Database.swift */,
				A8FE8B691C161D2300E0160C /* Helper.swift */,
				A8FE8B6A1C161D2300E0160C /* LocationController.swift */,
				A84730C91C19E63900B60522 /* MapViewExtention.swift */,
			);
			name = Models;
			sourceTree = "<group>";
		};
		A88248541C16123300AD1F4A /* UserInterface */ = {
			isa = PBXGroup;
			children = (
				A84B847A1C208C010084E551 /* ResultsTableViewCell.swift */,
				A895FFE01C16E11C00F6FB46 /* ResultsTableView.swift */,
				A8AAFF821C18797000A87A8D /* ResultsSearchBar.swift */,
				A8AAFF801C1874AC00A87A8D /* MapView.swift */,
				A88248551C16124800AD1F4A /* Annotations */,
			);
			name = UserInterface;
			sourceTree = "<group>";
		};
		A88248551C16124800AD1F4A /* Annotations */ = {
			isa = PBXGroup;
			children = (
				F8587AC11C183FC600C53630 /* CustomAnnotation.swift */,
				F8587ABF1C183F6800C53630 /* CalloutAnnotation.swift */,
				F8587ABB1C1717A100C53630 /* CalloutAnnotationView.swift */,
				F8587ABD1C17184300C53630 /* BubbleView.swift */,
			);
			name = Annotations;
			sourceTree = "<group>";
		};
		A889B2E91BA186DB0030AFB9 = {
			isa = PBXGroup;
			children = (
				A889B2F41BA186DB0030AFB9 /* FoodOnRoute */,
				A889B30A1BA186DB0030AFB9 /* FoodOnRouteTests */,
				A889B2F31BA186DB0030AFB9 /* Products */,
				EF2CF96A37C47FE0630FBD9C /* Pods */,
				E8E555868DF04BD3BF8E746E /* Frameworks */,
			);
			sourceTree = "<group>";
		};
		A889B2F31BA186DB0030AFB9 /* Products */ = {
			isa = PBXGroup;
			children = (
				A889B2F21BA186DB0030AFB9 /* FoodOnRoute.app */,
				A889B3071BA186DB0030AFB9 /* FoodOnRoute.xctest */,
			);
			name = Products;
			sourceTree = "<group>";
		};
		A889B2F41BA186DB0030AFB9 /* FoodOnRoute */ = {
			isa = PBXGroup;
			children = (
				A8FE8B631C161D0700E0160C /* AppDelegate.swift */,
				A88248521C1611F400AD1F4A /* API */,
				A88248531C16121000AD1F4A /* Models */,
				A88248541C16123300AD1F4A /* UserInterface */,
				A8FE8B731C161D3400E0160C /* DebugViewController.swift */,
				A8FE8B741C161D3400E0160C /* MapViewController.swift */,
				F8C0F6A11C0DEBCE007EBF2F /* Images.xcassets */,
				A8345F971C15C6DC00A97D9B /* Resources */,
				A88248511C16101D00AD1F4A /* Frameworks */,
				A889B2F51BA186DB0030AFB9 /* Supporting Files */,
			);
			path = FoodOnRoute;
			sourceTree = "<group>";
		};
		A889B2F51BA186DB0030AFB9 /* Supporting Files */ = {
			isa = PBXGroup;
			children = (
				A889B2F61BA186DB0030AFB9 /* Info.plist */,
			);
			name = "Supporting Files";
			sourceTree = "<group>";
		};
		A889B30A1BA186DB0030AFB9 /* FoodOnRouteTests */ = {
			isa = PBXGroup;
			children = (
				A889B30D1BA186DB0030AFB9 /* FoodOnRouteTests.swift */,
				A889B30B1BA186DB0030AFB9 /* Supporting Files */,
			);
			path = FoodOnRouteTests;
			sourceTree = "<group>";
		};
		A889B30B1BA186DB0030AFB9 /* Supporting Files */ = {
			isa = PBXGroup;
			children = (
				A889B30C1BA186DB0030AFB9 /* Info.plist */,
			);
			name = "Supporting Files";
			sourceTree = "<group>";
		};
		E8E555868DF04BD3BF8E746E /* Frameworks */ = {
			isa = PBXGroup;
			children = (
				094176F64C5182F89F67257F /* Pods_FoodOnRoute.framework */,
				9576B773B954D9CC61B357E4 /* Pods_FoodOnRoute.framework */,
			);
			name = Frameworks;
			sourceTree = "<group>";
		};
		EF2CF96A37C47FE0630FBD9C /* Pods */ = {
			isa = PBXGroup;
			children = (
				D36289EAEF10F97A0D9ED599 /* Pods-FoodOnRoute.debug.xcconfig */,
				5EE031A0DB1F546DA03FE653 /* Pods-FoodOnRoute.release.xcconfig */,
			);
			name = Pods;
			sourceTree = "<group>";
		};
/* End PBXGroup section */

/* Begin PBXNativeTarget section */
		A889B2F11BA186DB0030AFB9 /* FoodOnRoute */ = {
			isa = PBXNativeTarget;
			buildConfigurationList = A889B3111BA186DB0030AFB9 /* Build configuration list for PBXNativeTarget "FoodOnRoute" */;
			buildPhases = (
				A889B2EE1BA186DB0030AFB9 /* Sources */,
				A889B2EF1BA186DB0030AFB9 /* Frameworks */,
				A889B2F01BA186DB0030AFB9 /* Resources */,
				962A1C15D4A0AF6845814992 /* Embed Pods Frameworks */,
			);
			buildRules = (
			);
			dependencies = (
			);
			name = FoodOnRoute;
			productName = FoodOnRoute;
			productReference = A889B2F21BA186DB0030AFB9 /* FoodOnRoute.app */;
			productType = "com.apple.product-type.application";
		};
		A889B3061BA186DB0030AFB9 /* FoodOnRouteTests */ = {
			isa = PBXNativeTarget;
			buildConfigurationList = A889B3141BA186DB0030AFB9 /* Build configuration list for PBXNativeTarget "FoodOnRouteTests" */;
			buildPhases = (
				A889B3031BA186DB0030AFB9 /* Sources */,
				A889B3041BA186DB0030AFB9 /* Frameworks */,
				A889B3051BA186DB0030AFB9 /* Resources */,
			);
			buildRules = (
			);
			dependencies = (
				A889B3091BA186DB0030AFB9 /* PBXTargetDependency */,
			);
			name = FoodOnRouteTests;
			productName = FoodOnRouteTests;
			productReference = A889B3071BA186DB0030AFB9 /* FoodOnRoute.xctest */;
			productType = "com.apple.product-type.bundle.unit-test";
		};
/* End PBXNativeTarget section */

/* Begin PBXProject section */
		A889B2EA1BA186DB0030AFB9 /* Project object */ = {
			isa = PBXProject;
			attributes = {
				LastSwiftUpdateCheck = 0700;
				LastUpgradeCheck = 0700;
				ORGANIZATIONNAME = "Peter Alserda";
				TargetAttributes = {
					A889B2F11BA186DB0030AFB9 = {
						CreatedOnToolsVersion = 6.4;
						DevelopmentTeam = EBSX6CSZNX;
					};
					A889B3061BA186DB0030AFB9 = {
						CreatedOnToolsVersion = 6.4;
						TestTargetID = A889B2F11BA186DB0030AFB9;
					};
				};
			};
			buildConfigurationList = A889B2ED1BA186DB0030AFB9 /* Build configuration list for PBXProject "FoodOnRoute" */;
			compatibilityVersion = "Xcode 3.2";
			developmentRegion = English;
			hasScannedForEncodings = 0;
			knownRegions = (
				en,
				Base,
			);
			mainGroup = A889B2E91BA186DB0030AFB9;
			productRefGroup = A889B2F31BA186DB0030AFB9 /* Products */;
			projectDirPath = "";
			projectRoot = "";
			targets = (
				A889B2F11BA186DB0030AFB9 /* FoodOnRoute */,
				A889B3061BA186DB0030AFB9 /* FoodOnRouteTests */,
			);
		};
/* End PBXProject section */

/* Begin PBXResourcesBuildPhase section */
		A889B2F01BA186DB0030AFB9 /* Resources */ = {
			isa = PBXResourcesBuildPhase;
			buildActionMask = 2147483647;
			files = (
				F8587AC81C199D1200C53630 /* Montserrat-Bold.ttf in Resources */,
				F8587AC61C199CF000C53630 /* Montserrat-Regular.ttf in Resources */,
				F8C0F6A21C0DEBCE007EBF2F /* Images.xcassets in Resources */,
				A8FE8B7E1C161D5000E0160C /* PT_Sans-Regular.ttf in Resources */,
				A8FE8B7B1C161D5000E0160C /* PT_Sans-Bold.ttf in Resources */,
			);
			runOnlyForDeploymentPostprocessing = 0;
		};
		A889B3051BA186DB0030AFB9 /* Resources */ = {
			isa = PBXResourcesBuildPhase;
			buildActionMask = 2147483647;
			files = (
			);
			runOnlyForDeploymentPostprocessing = 0;
		};
/* End PBXResourcesBuildPhase section */

/* Begin PBXShellScriptBuildPhase section */
		962A1C15D4A0AF6845814992 /* Embed Pods Frameworks */ = {
			isa = PBXShellScriptBuildPhase;
			buildActionMask = 2147483647;
			files = (
			);
			inputPaths = (
			);
			name = "Embed Pods Frameworks";
			outputPaths = (
			);
			runOnlyForDeploymentPostprocessing = 0;
			shellPath = /bin/sh;
			shellScript = "\"${SRCROOT}/Pods/Target Support Files/Pods-FoodOnRoute/Pods-FoodOnRoute-frameworks.sh\"\n";
			showEnvVarsInLog = 0;
		};
/* End PBXShellScriptBuildPhase section */

/* Begin PBXSourcesBuildPhase section */
		A889B2EE1BA186DB0030AFB9 /* Sources */ = {
			isa = PBXSourcesBuildPhase;
			buildActionMask = 2147483647;
			files = (
				A8AAFF831C18797000A87A8D /* ResultsSearchBar.swift in Sources */,
				A8FE8B6C1C161D2300E0160C /* Database.swift in Sources */,
				A8AAFF811C1874AC00A87A8D /* MapView.swift in Sources */,
				A8FE8B761C161D3400E0160C /* MapViewController.swift in Sources */,
				A8FE8B6E1C161D2300E0160C /* LocationController.swift in Sources */,
				A8FE8B6B1C161D2300E0160C /* Colors.swift in Sources */,
				A84730CA1C19E63900B60522 /* MapViewExtention.swift in Sources */,
				A895FFE11C16E11C00F6FB46 /* ResultsTableView.swift in Sources */,
				A84B847B1C208C010084E551 /* ResultsTableViewCell.swift in Sources */,
				A8FE8B661C161D1700E0160C /* Backend.swift in Sources */,
				F8587ABE1C17184300C53630 /* BubbleView.swift in Sources */,
				F8587AC01C183F6800C53630 /* CalloutAnnotation.swift in Sources */,
				A8FE8B6D1C161D2300E0160C /* Helper.swift in Sources */,
				A8FE8B751C161D3400E0160C /* DebugViewController.swift in Sources */,
				A8FE8B641C161D0700E0160C /* AppDelegate.swift in Sources */,
				F8587ABC1C1717A100C53630 /* CalloutAnnotationView.swift in Sources */,
				F8587AC21C183FC600C53630 /* CustomAnnotation.swift in Sources */,
			);
			runOnlyForDeploymentPostprocessing = 0;
		};
		A889B3031BA186DB0030AFB9 /* Sources */ = {
			isa = PBXSourcesBuildPhase;
			buildActionMask = 2147483647;
			files = (
				A889B30E1BA186DB0030AFB9 /* FoodOnRouteTests.swift in Sources */,
			);
			runOnlyForDeploymentPostprocessing = 0;
		};
/* End PBXSourcesBuildPhase section */

/* Begin PBXTargetDependency section */
		A889B3091BA186DB0030AFB9 /* PBXTargetDependency */ = {
			isa = PBXTargetDependency;
			target = A889B2F11BA186DB0030AFB9 /* FoodOnRoute */;
			targetProxy = A889B3081BA186DB0030AFB9 /* PBXContainerItemProxy */;
		};
/* End PBXTargetDependency section */

/* Begin XCBuildConfiguration section */
		A889B30F1BA186DB0030AFB9 /* Debug */ = {
			isa = XCBuildConfiguration;
			buildSettings = {
				ALWAYS_SEARCH_USER_PATHS = NO;
				CLANG_CXX_LANGUAGE_STANDARD = "gnu++0x";
				CLANG_CXX_LIBRARY = "libc++";
				CLANG_ENABLE_MODULES = YES;
				CLANG_ENABLE_OBJC_ARC = YES;
				CLANG_WARN_BOOL_CONVERSION = YES;
				CLANG_WARN_CONSTANT_CONVERSION = YES;
				CLANG_WARN_DIRECT_OBJC_ISA_USAGE = YES_ERROR;
				CLANG_WARN_EMPTY_BODY = YES;
				CLANG_WARN_ENUM_CONVERSION = YES;
				CLANG_WARN_INT_CONVERSION = YES;
				CLANG_WARN_OBJC_ROOT_CLASS = YES_ERROR;
				CLANG_WARN_UNREACHABLE_CODE = YES;
				CLANG_WARN__DUPLICATE_METHOD_MATCH = YES;
				"CODE_SIGN_IDENTITY[sdk=iphoneos*]" = "iPhone Developer";
				COPY_PHASE_STRIP = NO;
				DEBUG_INFORMATION_FORMAT = "dwarf-with-dsym";
				ENABLE_STRICT_OBJC_MSGSEND = YES;
				ENABLE_TESTABILITY = YES;
				GCC_C_LANGUAGE_STANDARD = gnu99;
				GCC_DYNAMIC_NO_PIC = NO;
				GCC_NO_COMMON_BLOCKS = YES;
				GCC_OPTIMIZATION_LEVEL = 0;
				GCC_PREPROCESSOR_DEFINITIONS = (
					"DEBUG=1",
					"$(inherited)",
				);
				GCC_SYMBOLS_PRIVATE_EXTERN = NO;
				GCC_WARN_64_TO_32_BIT_CONVERSION = YES;
				GCC_WARN_ABOUT_RETURN_TYPE = YES_ERROR;
				GCC_WARN_UNDECLARED_SELECTOR = YES;
				GCC_WARN_UNINITIALIZED_AUTOS = YES_AGGRESSIVE;
				GCC_WARN_UNUSED_FUNCTION = YES;
				GCC_WARN_UNUSED_VARIABLE = YES;
				IPHONEOS_DEPLOYMENT_TARGET = 9.1;
				MTL_ENABLE_DEBUG_INFO = YES;
				ONLY_ACTIVE_ARCH = YES;
				SDKROOT = iphoneos;
				SWIFT_OPTIMIZATION_LEVEL = "-Onone";
			};
			name = Debug;
		};
		A889B3101BA186DB0030AFB9 /* Release */ = {
			isa = XCBuildConfiguration;
			buildSettings = {
				ALWAYS_SEARCH_USER_PATHS = NO;
				CLANG_CXX_LANGUAGE_STANDARD = "gnu++0x";
				CLANG_CXX_LIBRARY = "libc++";
				CLANG_ENABLE_MODULES = YES;
				CLANG_ENABLE_OBJC_ARC = YES;
				CLANG_WARN_BOOL_CONVERSION = YES;
				CLANG_WARN_CONSTANT_CONVERSION = YES;
				CLANG_WARN_DIRECT_OBJC_ISA_USAGE = YES_ERROR;
				CLANG_WARN_EMPTY_BODY = YES;
				CLANG_WARN_ENUM_CONVERSION = YES;
				CLANG_WARN_INT_CONVERSION = YES;
				CLANG_WARN_OBJC_ROOT_CLASS = YES_ERROR;
				CLANG_WARN_UNREACHABLE_CODE = YES;
				CLANG_WARN__DUPLICATE_METHOD_MATCH = YES;
				"CODE_SIGN_IDENTITY[sdk=iphoneos*]" = "iPhone Developer";
				COPY_PHASE_STRIP = NO;
				DEBUG_INFORMATION_FORMAT = "dwarf-with-dsym";
				ENABLE_NS_ASSERTIONS = NO;
				ENABLE_STRICT_OBJC_MSGSEND = YES;
				GCC_C_LANGUAGE_STANDARD = gnu99;
				GCC_NO_COMMON_BLOCKS = YES;
				GCC_WARN_64_TO_32_BIT_CONVERSION = YES;
				GCC_WARN_ABOUT_RETURN_TYPE = YES_ERROR;
				GCC_WARN_UNDECLARED_SELECTOR = YES;
				GCC_WARN_UNINITIALIZED_AUTOS = YES_AGGRESSIVE;
				GCC_WARN_UNUSED_FUNCTION = YES;
				GCC_WARN_UNUSED_VARIABLE = YES;
				IPHONEOS_DEPLOYMENT_TARGET = 9.1;
				MTL_ENABLE_DEBUG_INFO = NO;
				SDKROOT = iphoneos;
				VALIDATE_PRODUCT = YES;
			};
			name = Release;
		};
		A889B3121BA186DB0030AFB9 /* Debug */ = {
			isa = XCBuildConfiguration;
			baseConfigurationReference = D36289EAEF10F97A0D9ED599 /* Pods-FoodOnRoute.debug.xcconfig */;
			buildSettings = {
				ASSETCATALOG_COMPILER_APPICON_NAME = AppIcon;
				ASSETCATALOG_COMPILER_LAUNCHIMAGE_NAME = LaunchImage;
				CODE_SIGN_IDENTITY = "iPhone Developer";
				"CODE_SIGN_IDENTITY[sdk=iphoneos*]" = "iPhone Developer";
				INFOPLIST_FILE = FoodOnRoute/Info.plist;
				IPHONEOS_DEPLOYMENT_TARGET = 9.0;
				LD_RUNPATH_SEARCH_PATHS = "$(inherited) @executable_path/Frameworks";
				PRODUCT_BUNDLE_IDENTIFIER = "peter.$(PRODUCT_NAME:rfc1034identifier)";
				PRODUCT_NAME = FoodOnRoute;
				PROVISIONING_PROFILE = "";
			};
			name = Debug;
		};
		A889B3131BA186DB0030AFB9 /* Release */ = {
			isa = XCBuildConfiguration;
			baseConfigurationReference = 5EE031A0DB1F546DA03FE653 /* Pods-FoodOnRoute.release.xcconfig */;
			buildSettings = {
				ASSETCATALOG_COMPILER_APPICON_NAME = AppIcon;
				ASSETCATALOG_COMPILER_LAUNCHIMAGE_NAME = LaunchImage;
				CODE_SIGN_IDENTITY = "iPhone Developer";
				"CODE_SIGN_IDENTITY[sdk=iphoneos*]" = "iPhone Developer";
				INFOPLIST_FILE = FoodOnRoute/Info.plist;
				IPHONEOS_DEPLOYMENT_TARGET = 9.0;
				LD_RUNPATH_SEARCH_PATHS = "$(inherited) @executable_path/Frameworks";
				PRODUCT_BUNDLE_IDENTIFIER = "peter.$(PRODUCT_NAME:rfc1034identifier)";
				PRODUCT_NAME = FoodOnRoute;
				PROVISIONING_PROFILE = "";
			};
			name = Release;
		};
		A889B3151BA186DB0030AFB9 /* Debug */ = {
			isa = XCBuildConfiguration;
			buildSettings = {
				BUNDLE_LOADER = "$(TEST_HOST)";
				FRAMEWORK_SEARCH_PATHS = (
					"$(SDKROOT)/Developer/Library/Frameworks",
					"$(inherited)",
				);
				GCC_PREPROCESSOR_DEFINITIONS = (
					"DEBUG=1",
					"$(inherited)",
				);
				INFOPLIST_FILE = FoodOnRouteTests/Info.plist;
				LD_RUNPATH_SEARCH_PATHS = "$(inherited) @executable_path/Frameworks @loader_path/Frameworks";
				PRODUCT_BUNDLE_IDENTIFIER = "peter.$(PRODUCT_NAME:rfc1034identifier)";
				PRODUCT_NAME = FoodOnRoute;
				TEST_HOST = "$(BUILT_PRODUCTS_DIR)/FoodOnRoute.app/FoodOnRoute";
			};
			name = Debug;
		};
		A889B3161BA186DB0030AFB9 /* Release */ = {
			isa = XCBuildConfiguration;
			buildSettings = {
				BUNDLE_LOADER = "$(TEST_HOST)";
				FRAMEWORK_SEARCH_PATHS = (
					"$(SDKROOT)/Developer/Library/Frameworks",
					"$(inherited)",
				);
				INFOPLIST_FILE = FoodOnRouteTests/Info.plist;
				LD_RUNPATH_SEARCH_PATHS = "$(inherited) @executable_path/Frameworks @loader_path/Frameworks";
				PRODUCT_BUNDLE_IDENTIFIER = "peter.$(PRODUCT_NAME:rfc1034identifier)";
				PRODUCT_NAME = FoodOnRoute;
				TEST_HOST = "$(BUILT_PRODUCTS_DIR)/FoodOnRoute.app/FoodOnRoute";
			};
			name = Release;
		};
/* End XCBuildConfiguration section */

/* Begin XCConfigurationList section */
		A889B2ED1BA186DB0030AFB9 /* Build configuration list for PBXProject "FoodOnRoute" */ = {
			isa = XCConfigurationList;
			buildConfigurations = (
				A889B30F1BA186DB0030AFB9 /* Debug */,
				A889B3101BA186DB0030AFB9 /* Release */,
			);
			defaultConfigurationIsVisible = 0;
			defaultConfigurationName = Release;
		};
		A889B3111BA186DB0030AFB9 /* Build configuration list for PBXNativeTarget "FoodOnRoute" */ = {
			isa = XCConfigurationList;
			buildConfigurations = (
				A889B3121BA186DB0030AFB9 /* Debug */,
				A889B3131BA186DB0030AFB9 /* Release */,
			);
			defaultConfigurationIsVisible = 0;
			defaultConfigurationName = Release;
		};
		A889B3141BA186DB0030AFB9 /* Build configuration list for PBXNativeTarget "FoodOnRouteTests" */ = {
			isa = XCConfigurationList;
			buildConfigurations = (
				A889B3151BA186DB0030AFB9 /* Debug */,
				A889B3161BA186DB0030AFB9 /* Release */,
			);
			defaultConfigurationIsVisible = 0;
			defaultConfigurationName = Release;
		};
/* End XCConfigurationList section */
	};
	rootObject = A889B2EA1BA186DB0030AFB9 /* Project object */;
}
